// !$*UTF8*$!
{
	archiveVersion = 1;
	classes = {
	};
	objectVersion = 77;
	objects = {

/* Begin PBXBuildFile section */
		16ABB1AADFCF3678F710ED88 /* Foundation.framework in Frameworks */ = {isa = PBXBuildFile; fileRef = 5402E3A2DC5B90E4C8891568 /* Foundation.framework */; };
		1917CF907B1D55E1C4EB77A6 /* NotificationServiceExtension.appex in Embed App Extensions */ = {isa = PBXBuildFile; fileRef = 135F433740053F1143403B6C /* NotificationServiceExtension.appex */; };
		6F42EAB6304843F100D1A491 /* UserNotifications.framework in Frameworks */ = {isa = PBXBuildFile; fileRef = 6F42EAB5304843F100D1A491 /* UserNotifications.framework */; };
		6F42EAB8304843F100D1A491 /* UserNotificationsUI.framework in Frameworks */ = {isa = PBXBuildFile; fileRef = 6F42EAB7304843F100D1A491 /* UserNotificationsUI.framework */; };
		6F42EAC2304843F100D1A491 /* PlContent.appex in Embed App Extensions */ = {isa = PBXBuildFile; fileRef = 6F42EAB4304843F100D1A491 /* PlContent.appex */; settings = {ATTRIBUTES = (RemoveHeadersOnCopy, ); }; };
		6F42EACC3048440100D1A491 /* UserNotifications.framework in Frameworks */ = {isa = PBXBuildFile; fileRef = 6F42EAB5304843F100D1A491 /* UserNotifications.framework */; };
		6F42EACD3048440100D1A491 /* UserNotificationsUI.framework in Frameworks */ = {isa = PBXBuildFile; fileRef = 6F42EAB7304843F100D1A491 /* UserNotificationsUI.framework */; };
		6F42EAD73048440100D1A491 /* CTContent.appex in Embed App Extensions */ = {isa = PBXBuildFile; fileRef = 6F42EACB3048440100D1A491 /* CTContent.appex */; settings = {ATTRIBUTES = (RemoveHeadersOnCopy, ); }; };
		6F42EADC0000000000000001 /* ../CT-PL-Pn-Integration/AppConfig.swift in Sources */ = {isa = PBXBuildFile; fileRef = D4E5F60718293A4B5C6D7E8F /* ../CT-PL-Pn-Integration/AppConfig.swift */; };
		6F42EADC0000000000000002 /* secrets.properties in Resources */ = {isa = PBXBuildFile; fileRef = A1B2C3D4E5F60718293A4B5C /* secrets.properties */; };
		7956BF5E80E110E7A3266E02 /* NotificationService.swift in Sources */ = {isa = PBXBuildFile; fileRef = FDF6A8D638D0DB506CEDBFBA /* NotificationService.swift */; };
		8F74CDF7840A8A8A22AE1EB0 /* Pods_NotificationServiceExtension.framework in Frameworks */ = {isa = PBXBuildFile; fileRef = E7E13FF530CBB1550DA130B7 /* Pods_NotificationServiceExtension.framework */; };
		ABA07B784A16BA1A2BA5CF68 /* Pods_CTContent.framework in Frameworks */ = {isa = PBXBuildFile; fileRef = E39947969E37258886A66B4E /* Pods_CTContent.framework */; };
		B2C3D4E5F60718293A4B5C6D /* secrets.properties in Resources */ = {isa = PBXBuildFile; fileRef = A1B2C3D4E5F60718293A4B5C /* secrets.properties */; };
		C3D4E5F60718293A4B5C6D7E /* secrets.properties in Resources */ = {isa = PBXBuildFile; fileRef = A1B2C3D4E5F60718293A4B5C /* secrets.properties */; };
		DD2868A16B26E2757620730D /* Pods_CT_PL_Pn_Integration.framework in Frameworks */ = {isa = PBXBuildFile; fileRef = 62D35E131F95D4F58D5B9BC4 /* Pods_CT_PL_Pn_Integration.framework */; };
		E5F60718293A4B5C6D7E8F90 /* ../CT-PL-Pn-Integration/AppConfig.swift in Sources */ = {isa = PBXBuildFile; fileRef = D4E5F60718293A4B5C6D7E8F /* ../CT-PL-Pn-Integration/AppConfig.swift */; };
		FFD49231381AB516A8FED30C /* Pods_PlContent.framework in Frameworks */ = {isa = PBXBuildFile; fileRef = 7C262CD87E5A5730AFF5CEB3 /* Pods_PlContent.framework */; };
/* End PBXBuildFile section */

/* Begin PBXContainerItemProxy section */
		6F42EAC0304843F100D1A491 /* PBXContainerItemProxy */ = {
			isa = PBXContainerItemProxy;
			containerPortal = 6F4B86FB30453AA9000F15E3 /* Project object */;
			proxyType = 1;
			remoteGlobalIDString = 6F42EAB3304843F100D1A491;
			remoteInfo = PlContent;
		};
		6F42EAD53048440100D1A491 /* PBXContainerItemProxy */ = {
			isa = PBXContainerItemProxy;
			containerPortal = 6F4B86FB30453AA9000F15E3 /* Project object */;
			proxyType = 1;
			remoteGlobalIDString = 6F42EACA3048440100D1A491;
			remoteInfo = CTContent;
		};
		FD01EE50F4EE265C3FAB7E0B /* PBXContainerItemProxy */ = {
			isa = PBXContainerItemProxy;
			containerPortal = 6F4B86FB30453AA9000F15E3 /* Project object */;
			proxyType = 1;
			remoteGlobalIDString = D44B5A61DF63219FF03C242C;
			remoteInfo = NotificationServiceExtension;
		};
/* End PBXContainerItemProxy section */

/* Begin PBXCopyFilesBuildPhase section */
		BB0D72AD82A8EB8BF83E190F /* Embed App Extensions */ = {
			isa = PBXCopyFilesBuildPhase;
			buildActionMask = 2147483647;
			dstPath = "";
			dstSubfolderSpec = 13;
			files = (
				6F42EAC2304843F100D1A491 /* PlContent.appex in Embed App Extensions */,
				1917CF907B1D55E1C4EB77A6 /* NotificationServiceExtension.appex in Embed App Extensions */,
				6F42EAD73048440100D1A491 /* CTContent.appex in Embed App Extensions */,
			);
			name = "Embed App Extensions";
			runOnlyForDeploymentPostprocessing = 0;
		};
/* End PBXCopyFilesBuildPhase section */

/* Begin PBXFileReference section */
		077AABE071293DFCE3738FD4 /* Pods-CTContent.debug.xcconfig */ = {isa = PBXFileReference; includeInIndex = 1; lastKnownFileType = text.xcconfig; name = "Pods-CTContent.debug.xcconfig"; path = "Target Support Files/Pods-CTContent/Pods-CTContent.debug.xcconfig"; sourceTree = "<group>"; };
		135F433740053F1143403B6C /* NotificationServiceExtension.appex */ = {isa = PBXFileReference; explicitFileType = "wrapper.app-extension"; includeInIndex = 0; path = NotificationServiceExtension.appex; sourceTree = BUILT_PRODUCTS_DIR; };
		1717AE62ADB1AF25E8AB2B3D /* Pods-NotificationServiceExtension.debug.xcconfig */ = {isa = PBXFileReference; includeInIndex = 1; lastKnownFileType = text.xcconfig; name = "Pods-NotificationServiceExtension.debug.xcconfig"; path = "Target Support Files/Pods-NotificationServiceExtension/Pods-NotificationServiceExtension.debug.xcconfig"; sourceTree = "<group>"; };
		2D9E793EAD25C1E74805490D /* Info.plist */ = {isa = PBXFileReference; includeInIndex = 1; lastKnownFileType = text.plist.xml; path = Info.plist; sourceTree = "<group>"; };
		44B8AF9E1CC39946F8B288C0 /* Pods-CTContent.release.xcconfig */ = {isa = PBXFileReference; includeInIndex = 1; lastKnownFileType = text.xcconfig; name = "Pods-CTContent.release.xcconfig"; path = "Target Support Files/Pods-CTContent/Pods-CTContent.release.xcconfig"; sourceTree = "<group>"; };
		50875D3774F5D7162E92C8CB /* Pods-PlContent.debug.xcconfig */ = {isa = PBXFileReference; includeInIndex = 1; lastKnownFileType = text.xcconfig; name = "Pods-PlContent.debug.xcconfig"; path = "Target Support Files/Pods-PlContent/Pods-PlContent.debug.xcconfig"; sourceTree = "<group>"; };
		5402E3A2DC5B90E4C8891568 /* Foundation.framework */ = {isa = PBXFileReference; lastKnownFileType = wrapper.framework; name = Foundation.framework; path = Platforms/iPhoneOS.platform/Developer/SDKs/iPhoneOS26.0.sdk/System/Library/Frameworks/Foundation.framework; sourceTree = DEVELOPER_DIR; };
		62D35E131F95D4F58D5B9BC4 /* Pods_CT_PL_Pn_Integration.framework */ = {isa = PBXFileReference; explicitFileType = wrapper.framework; includeInIndex = 0; path = Pods_CT_PL_Pn_Integration.framework; sourceTree = BUILT_PRODUCTS_DIR; };
		6F42EAB4304843F100D1A491 /* PlContent.appex */ = {isa = PBXFileReference; explicitFileType = "wrapper.app-extension"; includeInIndex = 0; path = PlContent.appex; sourceTree = BUILT_PRODUCTS_DIR; };
		6F42EAB5304843F100D1A491 /* UserNotifications.framework */ = {isa = PBXFileReference; lastKnownFileType = wrapper.framework; name = UserNotifications.framework; path = System/Library/Frameworks/UserNotifications.framework; sourceTree = SDKROOT; };
		6F42EAB7304843F100D1A491 /* UserNotificationsUI.framework */ = {isa = PBXFileReference; lastKnownFileType = wrapper.framework; name = UserNotificationsUI.framework; path = System/Library/Frameworks/UserNotificationsUI.framework; sourceTree = SDKROOT; };
		6F42EACB3048440100D1A491 /* CTContent.appex */ = {isa = PBXFileReference; explicitFileType = "wrapper.app-extension"; includeInIndex = 0; path = CTContent.appex; sourceTree = BUILT_PRODUCTS_DIR; };
		6F4B870330453AA9000F15E3 /* CT-PL-Pn-Integration.app */ = {isa = PBXFileReference; explicitFileType = wrapper.application; includeInIndex = 0; path = "CT-PL-Pn-Integration.app"; sourceTree = BUILT_PRODUCTS_DIR; };
		744CAEA8BEC4750F2D9C0022 /* Pods-CT-PL-Pn-Integration.debug.xcconfig */ = {isa = PBXFileReference; includeInIndex = 1; lastKnownFileType = text.xcconfig; name = "Pods-CT-PL-Pn-Integration.debug.xcconfig"; path = "Target Support Files/Pods-CT-PL-Pn-Integration/Pods-CT-PL-Pn-Integration.debug.xcconfig"; sourceTree = "<group>"; };
		7C262CD87E5A5730AFF5CEB3 /* Pods_PlContent.framework */ = {isa = PBXFileReference; explicitFileType = wrapper.framework; includeInIndex = 0; path = Pods_PlContent.framework; sourceTree = BUILT_PRODUCTS_DIR; };
		A1B2C3D4E5F60718293A4B5C /* secrets.properties */ = {isa = PBXFileReference; lastKnownFileType = text; path = secrets.properties; sourceTree = "<group>"; };
		C306404A73E991C61FEBBF50 /* Pods-CT-PL-Pn-Integration.release.xcconfig */ = {isa = PBXFileReference; includeInIndex = 1; lastKnownFileType = text.xcconfig; name = "Pods-CT-PL-Pn-Integration.release.xcconfig"; path = "Target Support Files/Pods-CT-PL-Pn-Integration/Pods-CT-PL-Pn-Integration.release.xcconfig"; sourceTree = "<group>"; };
		D4E5F60718293A4B5C6D7E8F /* ../CT-PL-Pn-Integration/AppConfig.swift */ = {isa = PBXFileReference; lastKnownFileType = sourcecode.swift; path = "../CT-PL-Pn-Integration/AppConfig.swift"; sourceTree = "<group>"; };
		E39947969E37258886A66B4E /* Pods_CTContent.framework */ = {isa = PBXFileReference; explicitFileType = wrapper.framework; includeInIndex = 0; path = Pods_CTContent.framework; sourceTree = BUILT_PRODUCTS_DIR; };
		E7E13FF530CBB1550DA130B7 /* Pods_NotificationServiceExtension.framework */ = {isa = PBXFileReference; explicitFileType = wrapper.framework; includeInIndex = 0; path = Pods_NotificationServiceExtension.framework; sourceTree = BUILT_PRODUCTS_DIR; };
		EED1C54AB83923052622BA53 /* Pods-NotificationServiceExtension.release.xcconfig */ = {isa = PBXFileReference; includeInIndex = 1; lastKnownFileType = text.xcconfig; name = "Pods-NotificationServiceExtension.release.xcconfig"; path = "Target Support Files/Pods-NotificationServiceExtension/Pods-NotificationServiceExtension.release.xcconfig"; sourceTree = "<group>"; };
		F4EA4C7C07BD04CAE0EA8817 /* Pods-PlContent.release.xcconfig */ = {isa = PBXFileReference; includeInIndex = 1; lastKnownFileType = text.xcconfig; name = "Pods-PlContent.release.xcconfig"; path = "Target Support Files/Pods-PlContent/Pods-PlContent.release.xcconfig"; sourceTree = "<group>"; };
		FB50293D75F1D79E7EB16BF4 /* NotificationServiceExtension.entitlements */ = {isa = PBXFileReference; includeInIndex = 1; lastKnownFileType = text.plist.entitlements; path = NotificationServiceExtension.entitlements; sourceTree = "<group>"; };
		FDF6A8D638D0DB506CEDBFBA /* NotificationService.swift */ = {isa = PBXFileReference; includeInIndex = 1; lastKnownFileType = sourcecode.swift; path = NotificationService.swift; sourceTree = "<group>"; };
/* End PBXFileReference section */

/* Begin PBXFileSystemSynchronizedBuildFileExceptionSet section */
		6F42EAC5304843F100D1A491 /* Exceptions for "PlContent" folder in "PlContent" target */ = {
			isa = PBXFileSystemSynchronizedBuildFileExceptionSet;
			membershipExceptions = (
				Info.plist,
			);
			target = 6F42EAB3304843F100D1A491 /* PlContent */;
		};
		6F42EAD83048440100D1A491 /* Exceptions for "CTContent" folder in "CTContent" target */ = {
			isa = PBXFileSystemSynchronizedBuildFileExceptionSet;
			membershipExceptions = (
				Info.plist,
			);
			target = 6F42EACA3048440100D1A491 /* CTContent */;
		};
/* End PBXFileSystemSynchronizedBuildFileExceptionSet section */

/* Begin PBXFileSystemSynchronizedRootGroup section */
		6F42EAB9304843F100D1A491 /* PlContent */ = {
			isa = PBXFileSystemSynchronizedRootGroup;
			exceptions = (
				6F42EAC5304843F100D1A491 /* Exceptions for "PlContent" folder in "PlContent" target */,
			);
			path = PlContent;
			sourceTree = "<group>";
		};
		6F42EACE3048440100D1A491 /* CTContent */ = {
			isa = PBXFileSystemSynchronizedRootGroup;
			exceptions = (
				6F42EAD83048440100D1A491 /* Exceptions for "CTContent" folder in "CTContent" target */,
			);
			path = CTContent;
			sourceTree = "<group>";
		};
		6F4B870530453AA9000F15E3 /* CT-PL-Pn-Integration */ = {
			isa = PBXFileSystemSynchronizedRootGroup;
			path = "CT-PL-Pn-Integration";
			sourceTree = "<group>";
		};
/* End PBXFileSystemSynchronizedRootGroup section */

/* Begin PBXFrameworksBuildPhase section */
		6D253266537D2F386527120A /* Frameworks */ = {
			isa = PBXFrameworksBuildPhase;
			buildActionMask = 2147483647;
			files = (
				16ABB1AADFCF3678F710ED88 /* Foundation.framework in Frameworks */,
				8F74CDF7840A8A8A22AE1EB0 /* Pods_NotificationServiceExtension.framework in Frameworks */,
			);
			runOnlyForDeploymentPostprocessing = 0;
		};
		6F42EAB1304843F100D1A491 /* Frameworks */ = {
			isa = PBXFrameworksBuildPhase;
			buildActionMask = 2147483647;
			files = (
				6F42EAB8304843F100D1A491 /* UserNotificationsUI.framework in Frameworks */,
				6F42EAB6304843F100D1A491 /* UserNotifications.framework in Frameworks */,
				FFD49231381AB516A8FED30C /* Pods_PlContent.framework in Frameworks */,
			);
			runOnlyForDeploymentPostprocessing = 0;
		};
		6F42EAC83048440100D1A491 /* Frameworks */ = {
			isa = PBXFrameworksBuildPhase;
			buildActionMask = 2147483647;
			files = (
				6F42EACD3048440100D1A491 /* UserNotificationsUI.framework in Frameworks */,
				6F42EACC3048440100D1A491 /* UserNotifications.framework in Frameworks */,
				ABA07B784A16BA1A2BA5CF68 /* Pods_CTContent.framework in Frameworks */,
			);
			runOnlyForDeploymentPostprocessing = 0;
		};
		6F4B870030453AA9000F15E3 /* Frameworks */ = {
			isa = PBXFrameworksBuildPhase;
			buildActionMask = 2147483647;
			files = (
				DD2868A16B26E2757620730D /* Pods_CT_PL_Pn_Integration.framework in Frameworks */,
			);
			runOnlyForDeploymentPostprocessing = 0;
		};
/* End PBXFrameworksBuildPhase section */

/* Begin PBXGroup section */
		17EE403512CE866B92547EE4 /* Frameworks */ = {
			isa = PBXGroup;
			children = (
				F5BB40A1F1726E30C198F753 /* iOS */,
				62D35E131F95D4F58D5B9BC4 /* Pods_CT_PL_Pn_Integration.framework */,
				E7E13FF530CBB1550DA130B7 /* Pods_NotificationServiceExtension.framework */,
				6F42EAB5304843F100D1A491 /* UserNotifications.framework */,
				6F42EAB7304843F100D1A491 /* UserNotificationsUI.framework */,
				E39947969E37258886A66B4E /* Pods_CTContent.framework */,
				7C262CD87E5A5730AFF5CEB3 /* Pods_PlContent.framework */,
			);
			name = Frameworks;
			sourceTree = "<group>";
		};
		40F0E332C08F01C056E19436 /* NotificationServiceExtension */ = {
			isa = PBXGroup;
			children = (
				FDF6A8D638D0DB506CEDBFBA /* NotificationService.swift */,
				2D9E793EAD25C1E74805490D /* Info.plist */,
				FB50293D75F1D79E7EB16BF4 /* NotificationServiceExtension.entitlements */,
				D4E5F60718293A4B5C6D7E8F /* ../CT-PL-Pn-Integration/AppConfig.swift */,
			);
			path = NotificationServiceExtension;
			sourceTree = "<group>";
		};
		6F4B86FA30453AA9000F15E3 = {
			isa = PBXGroup;
			children = (
				6F4B870530453AA9000F15E3 /* CT-PL-Pn-Integration */,
				6F42EAB9304843F100D1A491 /* PlContent */,
				6F42EACE3048440100D1A491 /* CTContent */,
				6F4B870430453AA9000F15E3 /* Products */,
				17EE403512CE866B92547EE4 /* Frameworks */,
				40F0E332C08F01C056E19436 /* NotificationServiceExtension */,
				B01B268C63A8FED797D13141 /* Pods */,
				A1B2C3D4E5F60718293A4B5C /* secrets.properties */,
			);
			sourceTree = "<group>";
		};
		6F4B870430453AA9000F15E3 /* Products */ = {
			isa = PBXGroup;
			children = (
				6F4B870330453AA9000F15E3 /* CT-PL-Pn-Integration.app */,
				135F433740053F1143403B6C /* NotificationServiceExtension.appex */,
				6F42EAB4304843F100D1A491 /* PlContent.appex */,
				6F42EACB3048440100D1A491 /* CTContent.appex */,
			);
			name = Products;
			sourceTree = "<group>";
		};
		B01B268C63A8FED797D13141 /* Pods */ = {
			isa = PBXGroup;
			children = (
				744CAEA8BEC4750F2D9C0022 /* Pods-CT-PL-Pn-Integration.debug.xcconfig */,
				C306404A73E991C61FEBBF50 /* Pods-CT-PL-Pn-Integration.release.xcconfig */,
				EED1C54AB83923052622BA53 /* Pods-NotificationServiceExtension.release.xcconfig */,
				1717AE62ADB1AF25E8AB2B3D /* Pods-NotificationServiceExtension.debug.xcconfig */,
				077AABE071293DFCE3738FD4 /* Pods-CTContent.debug.xcconfig */,
				44B8AF9E1CC39946F8B288C0 /* Pods-CTContent.release.xcconfig */,
				50875D3774F5D7162E92C8CB /* Pods-PlContent.debug.xcconfig */,
				F4EA4C7C07BD04CAE0EA8817 /* Pods-PlContent.release.xcconfig */,
			);
			path = Pods;
			sourceTree = "<group>";
		};
		F5BB40A1F1726E30C198F753 /* iOS */ = {
			isa = PBXGroup;
			children = (
				5402E3A2DC5B90E4C8891568 /* Foundation.framework */,
			);
			name = iOS;
			sourceTree = "<group>";
		};
/* End PBXGroup section */

/* Begin PBXNativeTarget section */
		6F42EAB3304843F100D1A491 /* PlContent */ = {
			isa = PBXNativeTarget;
			buildConfigurationList = 6F42EAC6304843F100D1A491 /* Build configuration list for PBXNativeTarget "PlContent" */;
			buildPhases = (
				EC7D732814CB6E5990127EF0 /* [CP] Check Pods Manifest.lock */,
				6F42EAB0304843F100D1A491 /* Sources */,
				6F42EAB1304843F100D1A491 /* Frameworks */,
				6F42EAB2304843F100D1A491 /* Resources */,
				96142E81323DE19A0DB16C8C /* [CP] Copy Pods Resources */,
			);
			buildRules = (
			);
			dependencies = (
			);
			fileSystemSynchronizedGroups = (
				6F42EAB9304843F100D1A491 /* PlContent */,
			);
			name = PlContent;
			productName = PlContent;
			productReference = 6F42EAB4304843F100D1A491 /* PlContent.appex */;
			productType = "com.apple.product-type.app-extension";
		};
		6F42EACA3048440100D1A491 /* CTContent */ = {
			isa = PBXNativeTarget;
			buildConfigurationList = 6F42EAD93048440100D1A491 /* Build configuration list for PBXNativeTarget "CTContent" */;
			buildPhases = (
				0A678DFDE40B8CB3D9FDA0AC /* [CP] Check Pods Manifest.lock */,
				6F42EAC73048440100D1A491 /* Sources */,
				6F42EAC83048440100D1A491 /* Frameworks */,
				6F42EAC93048440100D1A491 /* Resources */,
			);
			buildRules = (
			);
			dependencies = (
			);
			fileSystemSynchronizedGroups = (
				6F42EACE3048440100D1A491 /* CTContent */,
			);
			name = CTContent;
			productName = CTContent;
			productReference = 6F42EACB3048440100D1A491 /* CTContent.appex */;
			productType = "com.apple.product-type.app-extension";
		};
		6F4B870230453AA9000F15E3 /* CT-PL-Pn-Integration */ = {
			isa = PBXNativeTarget;
			buildConfigurationList = 6F4B870E30453AAA000F15E3 /* Build configuration list for PBXNativeTarget "CT-PL-Pn-Integration" */;
			buildPhases = (
				54255E1F9FE8993E02F9B903 /* [CP] Check Pods Manifest.lock */,
				6F4B86FF30453AA9000F15E3 /* Sources */,
				6F4B870030453AA9000F15E3 /* Frameworks */,
				6F4B870130453AA9000F15E3 /* Resources */,
				BB0D72AD82A8EB8BF83E190F /* Embed App Extensions */,
				F7F996F607C1DF209ED4A320 /* [CP] Embed Pods Frameworks */,
				B1C1B508A97D98F853DA21B9 /* [CP] Copy Pods Resources */,
			);
			buildRules = (
			);
			dependencies = (
				825F959B92B5C00443155647 /* PBXTargetDependency */,
				6F42EAC1304843F100D1A491 /* PBXTargetDependency */,
				6F42EAD63048440100D1A491 /* PBXTargetDependency */,
			);
			fileSystemSynchronizedGroups = (
				6F4B870530453AA9000F15E3 /* CT-PL-Pn-Integration */,
			);
			name = "CT-PL-Pn-Integration";
			productName = "CT-PL-Pn-Integration";
			productReference = 6F4B870330453AA9000F15E3 /* CT-PL-Pn-Integration.app */;
			productType = "com.apple.product-type.application";
		};
		D44B5A61DF63219FF03C242C /* NotificationServiceExtension */ = {
			isa = PBXNativeTarget;
			buildConfigurationList = 831B44AD7CD57C75C01A5750 /* Build configuration list for PBXNativeTarget "NotificationServiceExtension" */;
			buildPhases = (
				024216E2845BC1EC275E6196 /* [CP] Check Pods Manifest.lock */,
				55E75FBDE3433429298C63B5 /* Sources */,
				6D253266537D2F386527120A /* Frameworks */,
				D66F5C718B585D1228947481 /* Resources */,
				A7AF2BB999BF352EFCFB2E87 /* [CP] Copy Pods Resources */,
			);
			buildRules = (
			);
			dependencies = (
			);
			name = NotificationServiceExtension;
			productName = NotificationServiceExtension;
			productReference = 135F433740053F1143403B6C /* NotificationServiceExtension.appex */;
			productType = "com.apple.product-type.app-extension";
		};
/* End PBXNativeTarget section */

/* Begin PBXProject section */
		6F4B86FB30453AA9000F15E3 /* Project object */ = {
			isa = PBXProject;
			attributes = {
				BuildIndependentTargetsInParallel = 1;
				LastSwiftUpdateCheck = 2640;
				LastUpgradeCheck = 2640;
				TargetAttributes = {
					6F42EAB3304843F100D1A491 = {
						CreatedOnToolsVersion = 26.4.1;
						SystemCapabilities = {
							com.apple.ApplicationGroups.iOS = {
								enabled = 1;
							};
						};
					};
					6F42EACA3048440100D1A491 = {
						CreatedOnToolsVersion = 26.4.1;
					};
					6F4B870230453AA9000F15E3 = {
						CreatedOnToolsVersion = 26.4.1;
						SystemCapabilities = {
							com.apple.ApplicationGroups.iOS = {
								enabled = 1;
							};
							com.apple.Push = {
								enabled = 1;
							};
						};
					};
					D44B5A61DF63219FF03C242C = {
						SystemCapabilities = {
							com.apple.ApplicationGroups.iOS = {
								enabled = 1;
							};
						};
					};
				};
			};
			buildConfigurationList = 6F4B86FE30453AA9000F15E3 /* Build configuration list for PBXProject "CT-PL-Pn-Integration" */;
			developmentRegion = en;
			hasScannedForEncodings = 0;
			knownRegions = (
				en,
				Base,
			);
			mainGroup = 6F4B86FA30453AA9000F15E3;
			minimizedProjectReferenceProxies = 1;
			preferredProjectObjectVersion = 77;
			productRefGroup = 6F4B870430453AA9000F15E3 /* Products */;
			projectDirPath = "";
			projectRoot = "";
			targets = (
				6F4B870230453AA9000F15E3 /* CT-PL-Pn-Integration */,
				D44B5A61DF63219FF03C242C /* NotificationServiceExtension */,
				6F42EAB3304843F100D1A491 /* PlContent */,
				6F42EACA3048440100D1A491 /* CTContent */,
			);
		};
/* End PBXProject section */

/* Begin PBXResourcesBuildPhase section */
		6F42EAB2304843F100D1A491 /* Resources */ = {
			isa = PBXResourcesBuildPhase;
			buildActionMask = 2147483647;
			files = (
				6F42EADC0000000000000002 /* secrets.properties in Resources */,
			);
			runOnlyForDeploymentPostprocessing = 0;
		};
		6F42EAC93048440100D1A491 /* Resources */ = {
			isa = PBXResourcesBuildPhase;
			buildActionMask = 2147483647;
			files = (
			);
			runOnlyForDeploymentPostprocessing = 0;
		};
		6F4B870130453AA9000F15E3 /* Resources */ = {
			isa = PBXResourcesBuildPhase;
			buildActionMask = 2147483647;
			files = (
				B2C3D4E5F60718293A4B5C6D /* secrets.properties in Resources */,
			);
			runOnlyForDeploymentPostprocessing = 0;
		};
		D66F5C718B585D1228947481 /* Resources */ = {
			isa = PBXResourcesBuildPhase;
			buildActionMask = 2147483647;
			files = (
				C3D4E5F60718293A4B5C6D7E /* secrets.properties in Resources */,
			);
			runOnlyForDeploymentPostprocessing = 0;
		};
/* End PBXResourcesBuildPhase section */

/* Begin PBXShellScriptBuildPhase section */
		024216E2845BC1EC275E6196 /* [CP] Check Pods Manifest.lock */ = {
			isa = PBXShellScriptBuildPhase;
			buildActionMask = 2147483647;
			files = (
			);
			inputFileListPaths = (
			);
			inputPaths = (
				"${PODS_PODFILE_DIR_PATH}/Podfile.lock",
				"${PODS_ROOT}/Manifest.lock",
			);
			name = "[CP] Check Pods Manifest.lock";
			outputFileListPaths = (
			);
			outputPaths = (
				"$(DERIVED_FILE_DIR)/Pods-NotificationServiceExtension-checkManifestLockResult.txt",
			);
			runOnlyForDeploymentPostprocessing = 0;
			shellPath = /bin/sh;
			shellScript = "diff \"${PODS_PODFILE_DIR_PATH}/Podfile.lock\" \"${PODS_ROOT}/Manifest.lock\" > /dev/null\nif [ $? != 0 ] ; then\n    # print error to STDERR\n    echo \"error: The sandbox is not in sync with the Podfile.lock. Run 'pod install' or update your CocoaPods installation.\" >&2\n    exit 1\nfi\n# This output is used by Xcode 'outputs' to avoid re-running this script phase.\necho \"SUCCESS\" > \"${SCRIPT_OUTPUT_FILE_0}\"\n";
			showEnvVarsInLog = 0;
		};
		0A678DFDE40B8CB3D9FDA0AC /* [CP] Check Pods Manifest.lock */ = {
			isa = PBXShellScriptBuildPhase;
			buildActionMask = 2147483647;
			files = (
			);
			inputFileListPaths = (
			);
			inputPaths = (
				"${PODS_PODFILE_DIR_PATH}/Podfile.lock",
				"${PODS_ROOT}/Manifest.lock",
			);
			name = "[CP] Check Pods Manifest.lock";
			outputFileListPaths = (
			);
			outputPaths = (
				"$(DERIVED_FILE_DIR)/Pods-CTContent-checkManifestLockResult.txt",
			);
			runOnlyForDeploymentPostprocessing = 0;
			shellPath = /bin/sh;
			shellScript = "diff \"${PODS_PODFILE_DIR_PATH}/Podfile.lock\" \"${PODS_ROOT}/Manifest.lock\" > /dev/null\nif [ $? != 0 ] ; then\n    # print error to STDERR\n    echo \"error: The sandbox is not in sync with the Podfile.lock. Run 'pod install' or update your CocoaPods installation.\" >&2\n    exit 1\nfi\n# This output is used by Xcode 'outputs' to avoid re-running this script phase.\necho \"SUCCESS\" > \"${SCRIPT_OUTPUT_FILE_0}\"\n";
			showEnvVarsInLog = 0;
		};
		54255E1F9FE8993E02F9B903 /* [CP] Check Pods Manifest.lock */ = {
			isa = PBXShellScriptBuildPhase;
			buildActionMask = 2147483647;
			files = (
			);
			inputFileListPaths = (
			);
			inputPaths = (
				"${PODS_PODFILE_DIR_PATH}/Podfile.lock",
				"${PODS_ROOT}/Manifest.lock",
			);
			name = "[CP] Check Pods Manifest.lock";
			outputFileListPaths = (
			);
			outputPaths = (
				"$(DERIVED_FILE_DIR)/Pods-CT-PL-Pn-Integration-checkManifestLockResult.txt",
			);
			runOnlyForDeploymentPostprocessing = 0;
			shellPath = /bin/sh;
			shellScript = "diff \"${PODS_PODFILE_DIR_PATH}/Podfile.lock\" \"${PODS_ROOT}/Manifest.lock\" > /dev/null\nif [ $? != 0 ] ; then\n    # print error to STDERR\n    echo \"error: The sandbox is not in sync with the Podfile.lock. Run 'pod install' or update your CocoaPods installation.\" >&2\n    exit 1\nfi\n# This output is used by Xcode 'outputs' to avoid re-running this script phase.\necho \"SUCCESS\" > \"${SCRIPT_OUTPUT_FILE_0}\"\n";
			showEnvVarsInLog = 0;
		};
		96142E81323DE19A0DB16C8C /* [CP] Copy Pods Resources */ = {
			isa = PBXShellScriptBuildPhase;
			buildActionMask = 2147483647;
			files = (
			);
			inputFileListPaths = (
				"${PODS_ROOT}/Target Support Files/Pods-PlContent/Pods-PlContent-resources-${CONFIGURATION}-input-files.xcfilelist",
			);
			inputPaths = (
			);
			name = "[CP] Copy Pods Resources";
			outputFileListPaths = (
				"${PODS_ROOT}/Target Support Files/Pods-PlContent/Pods-PlContent-resources-${CONFIGURATION}-output-files.xcfilelist",
			);
			outputPaths = (
			);
			runOnlyForDeploymentPostprocessing = 0;
			shellPath = /bin/sh;
			shellScript = "\"${PODS_ROOT}/Target Support Files/Pods-PlContent/Pods-PlContent-resources.sh\"\n";
			showEnvVarsInLog = 0;
		};
		A7AF2BB999BF352EFCFB2E87 /* [CP] Copy Pods Resources */ = {
			isa = PBXShellScriptBuildPhase;
			buildActionMask = 2147483647;
			files = (
			);
			inputFileListPaths = (
				"${PODS_ROOT}/Target Support Files/Pods-NotificationServiceExtension/Pods-NotificationServiceExtension-resources-${CONFIGURATION}-input-files.xcfilelist",
			);
			inputPaths = (
			);
			name = "[CP] Copy Pods Resources";
			outputFileListPaths = (
				"${PODS_ROOT}/Target Support Files/Pods-NotificationServiceExtension/Pods-NotificationServiceExtension-resources-${CONFIGURATION}-output-files.xcfilelist",
			);
			outputPaths = (
			);
			runOnlyForDeploymentPostprocessing = 0;
			shellPath = /bin/sh;
			shellScript = "\"${PODS_ROOT}/Target Support Files/Pods-NotificationServiceExtension/Pods-NotificationServiceExtension-resources.sh\"\n";
			showEnvVarsInLog = 0;
		};
		B1C1B508A97D98F853DA21B9 /* [CP] Copy Pods Resources */ = {
			isa = PBXShellScriptBuildPhase;
			buildActionMask = 2147483647;
			files = (
			);
			inputFileListPaths = (
				"${PODS_ROOT}/Target Support Files/Pods-CT-PL-Pn-Integration/Pods-CT-PL-Pn-Integration-resources-${CONFIGURATION}-input-files.xcfilelist",
			);
			inputPaths = (
			);
			name = "[CP] Copy Pods Resources";
			outputFileListPaths = (
				"${PODS_ROOT}/Target Support Files/Pods-CT-PL-Pn-Integration/Pods-CT-PL-Pn-Integration-resources-${CONFIGURATION}-output-files.xcfilelist",
			);
			outputPaths = (
			);
			runOnlyForDeploymentPostprocessing = 0;
			shellPath = /bin/sh;
			shellScript = "\"${PODS_ROOT}/Target Support Files/Pods-CT-PL-Pn-Integration/Pods-CT-PL-Pn-Integration-resources.sh\"\n";
			showEnvVarsInLog = 0;
		};
		EC7D732814CB6E5990127EF0 /* [CP] Check Pods Manifest.lock */ = {
			isa = PBXShellScriptBuildPhase;
			buildActionMask = 2147483647;
			files = (
			);
			inputFileListPaths = (
			);
			inputPaths = (
				"${PODS_PODFILE_DIR_PATH}/Podfile.lock",
				"${PODS_ROOT}/Manifest.lock",
			);
			name = "[CP] Check Pods Manifest.lock";
			outputFileListPaths = (
			);
			outputPaths = (
				"$(DERIVED_FILE_DIR)/Pods-PlContent-checkManifestLockResult.txt",
			);
			runOnlyForDeploymentPostprocessing = 0;
			shellPath = /bin/sh;
			shellScript = "diff \"${PODS_PODFILE_DIR_PATH}/Podfile.lock\" \"${PODS_ROOT}/Manifest.lock\" > /dev/null\nif [ $? != 0 ] ; then\n    # print error to STDERR\n    echo \"error: The sandbox is not in sync with the Podfile.lock. Run 'pod install' or update your CocoaPods installation.\" >&2\n    exit 1\nfi\n# This output is used by Xcode 'outputs' to avoid re-running this script phase.\necho \"SUCCESS\" > \"${SCRIPT_OUTPUT_FILE_0}\"\n";
			showEnvVarsInLog = 0;
		};
		F7F996F607C1DF209ED4A320 /* [CP] Embed Pods Frameworks */ = {
			isa = PBXShellScriptBuildPhase;
			buildActionMask = 2147483647;
			files = (
			);
			inputFileListPaths = (
				"${PODS_ROOT}/Target Support Files/Pods-CT-PL-Pn-Integration/Pods-CT-PL-Pn-Integration-frameworks-${CONFIGURATION}-input-files.xcfilelist",
			);
			inputPaths = (
			);
			name = "[CP] Embed Pods Frameworks";
			outputFileListPaths = (
				"${PODS_ROOT}/Target Support Files/Pods-CT-PL-Pn-Integration/Pods-CT-PL-Pn-Integration-frameworks-${CONFIGURATION}-output-files.xcfilelist",
			);
			outputPaths = (
			);
			runOnlyForDeploymentPostprocessing = 0;
			shellPath = /bin/sh;
			shellScript = "\"${PODS_ROOT}/Target Support Files/Pods-CT-PL-Pn-Integration/Pods-CT-PL-Pn-Integration-frameworks.sh\"\n";
			showEnvVarsInLog = 0;
		};
/* End PBXShellScriptBuildPhase section */

/* Begin PBXSourcesBuildPhase section */
		55E75FBDE3433429298C63B5 /* Sources */ = {
			isa = PBXSourcesBuildPhase;
			buildActionMask = 2147483647;
			files = (
				7956BF5E80E110E7A3266E02 /* NotificationService.swift in Sources */,
				E5F60718293A4B5C6D7E8F90 /* ../CT-PL-Pn-Integration/AppConfig.swift in Sources */,
			);
			runOnlyForDeploymentPostprocessing = 0;
		};
		6F42EAB0304843F100D1A491 /* Sources */ = {
			isa = PBXSourcesBuildPhase;
			buildActionMask = 2147483647;
			files = (
				6F42EADC0000000000000001 /* ../CT-PL-Pn-Integration/AppConfig.swift in Sources */,
			);
			runOnlyForDeploymentPostprocessing = 0;
		};
		6F42EAC73048440100D1A491 /* Sources */ = {
			isa = PBXSourcesBuildPhase;
			buildActionMask = 2147483647;
			files = (
			);
			runOnlyForDeploymentPostprocessing = 0;
		};
		6F4B86FF30453AA9000F15E3 /* Sources */ = {
			isa = PBXSourcesBuildPhase;
			buildActionMask = 2147483647;
			files = (
			);
			runOnlyForDeploymentPostprocessing = 0;
		};
/* End PBXSourcesBuildPhase section */

/* Begin PBXTargetDependency section */
		6F42EAC1304843F100D1A491 /* PBXTargetDependency */ = {
			isa = PBXTargetDependency;
			target = 6F42EAB3304843F100D1A491 /* PlContent */;
			targetProxy = 6F42EAC0304843F100D1A491 /* PBXContainerItemProxy */;
		};
		6F42EAD63048440100D1A491 /* PBXTargetDependency */ = {
			isa = PBXTargetDependency;
			target = 6F42EACA3048440100D1A491 /* CTContent */;
			targetProxy = 6F42EAD53048440100D1A491 /* PBXContainerItemProxy */;
		};
		825F959B92B5C00443155647 /* PBXTargetDependency */ = {
			isa = PBXTargetDependency;
			name = NotificationServiceExtension;
			target = D44B5A61DF63219FF03C242C /* NotificationServiceExtension */;
			targetProxy = FD01EE50F4EE265C3FAB7E0B /* PBXContainerItemProxy */;
		};
/* End PBXTargetDependency section */

/* Begin XCBuildConfiguration section */
		6F42EAC3304843F100D1A491 /* Debug */ = {
			isa = XCBuildConfiguration;
			baseConfigurationReference = 50875D3774F5D7162E92C8CB /* Pods-PlContent.debug.xcconfig */;
			buildSettings = {
				CODE_SIGN_ENTITLEMENTS = PlContent/PlContent.entitlements;
				CODE_SIGN_STYLE = Automatic;
				CURRENT_PROJECT_VERSION = 1;
				DEVELOPMENT_TEAM = BJ6HPL6M3N;
				ENABLE_USER_SCRIPT_SANDBOXING = NO;
				GENERATE_INFOPLIST_FILE = YES;
				INFOPLIST_FILE = PlContent/Info.plist;
				INFOPLIST_KEY_CFBundleDisplayName = PlContent;
				INFOPLIST_KEY_NSHumanReadableCopyright = "";
				IPHONEOS_DEPLOYMENT_TARGET = 26.4;
				LD_RUNPATH_SEARCH_PATHS = (
					"$(inherited)",
					"@executable_path/Frameworks",
					"@executable_path/../../Frameworks",
				);
				MARKETING_VERSION = 1.0;
				PRODUCT_BUNDLE_IDENTIFIER = "plotline.CT-PL-Pn-Integration.PlContent";
				PRODUCT_NAME = "$(TARGET_NAME)";
				SDKROOT = iphoneos;
				SKIP_INSTALL = YES;
				STRING_CATALOG_GENERATE_SYMBOLS = YES;
				SWIFT_APPROACHABLE_CONCURRENCY = YES;
				SWIFT_EMIT_LOC_STRINGS = YES;
				SWIFT_UPCOMING_FEATURE_MEMBER_IMPORT_VISIBILITY = YES;
				SWIFT_VERSION = 5.0;
				TARGETED_DEVICE_FAMILY = "1,2";
			};
			name = Debug;
		};
		6F42EADA3048440100D1A491 /* Debug */ = {
			isa = XCBuildConfiguration;
			baseConfigurationReference = 077AABE071293DFCE3738FD4 /* Pods-CTContent.debug.xcconfig */;
			buildSettings = {
				CODE_SIGN_STYLE = Automatic;
				CURRENT_PROJECT_VERSION = 1;
				DEVELOPMENT_TEAM = BJ6HPL6M3N;
				ENABLE_USER_SCRIPT_SANDBOXING = NO;
				GENERATE_INFOPLIST_FILE = YES;
				INFOPLIST_FILE = CTContent/Info.plist;
				INFOPLIST_KEY_CFBundleDisplayName = CTContent;
				INFOPLIST_KEY_NSHumanReadableCopyright = "";
				IPHONEOS_DEPLOYMENT_TARGET = 26.4;
				LD_RUNPATH_SEARCH_PATHS = (
					"$(inherited)",
					"@executable_path/Frameworks",
					"@executable_path/../../Frameworks",
				);
				MARKETING_VERSION = 1.0;
				PRODUCT_BUNDLE_IDENTIFIER = "plotline.CT-PL-Pn-Integration.CTContent";
				PRODUCT_NAME = "$(TARGET_NAME)";
				SDKROOT = iphoneos;
				SKIP_INSTALL = YES;
				STRING_CATALOG_GENERATE_SYMBOLS = YES;
				SWIFT_APPROACHABLE_CONCURRENCY = YES;
				SWIFT_EMIT_LOC_STRINGS = YES;
				SWIFT_UPCOMING_FEATURE_MEMBER_IMPORT_VISIBILITY = YES;
				SWIFT_VERSION = 5.0;
				TARGETED_DEVICE_FAMILY = "1,2";
			};
			name = Debug;
		};
		6F4B870C30453AAA000F15E3 /* Debug */ = {
			isa = XCBuildConfiguration;
			buildSettings = {
				ALWAYS_SEARCH_USER_PATHS = NO;
				ASSETCATALOG_COMPILER_GENERATE_SWIFT_ASSET_SYMBOL_EXTENSIONS = YES;
				CLANG_ANALYZER_NONNULL = YES;
				CLANG_ANALYZER_NUMBER_OBJECT_CONVERSION = YES_AGGRESSIVE;
				CLANG_CXX_LANGUAGE_STANDARD = "gnu++20";
				CLANG_ENABLE_MODULES = YES;
				CLANG_ENABLE_OBJC_ARC = YES;
				CLANG_ENABLE_OBJC_WEAK = YES;
				CLANG_WARN_BLOCK_CAPTURE_AUTORELEASING = YES;
				CLANG_WARN_BOOL_CONVERSION = YES;
				CLANG_WARN_COMMA = YES;
				CLANG_WARN_CONSTANT_CONVERSION = YES;
				CLANG_WARN_DEPRECATED_OBJC_IMPLEMENTATIONS = YES;
				CLANG_WARN_DIRECT_OBJC_ISA_USAGE = YES_ERROR;
				CLANG_WARN_DOCUMENTATION_COMMENTS = YES;
				CLANG_WARN_EMPTY_BODY = YES;
				CLANG_WARN_ENUM_CONVERSION = YES;
				CLANG_WARN_INFINITE_RECURSION = YES;
				CLANG_WARN_INT_CONVERSION = YES;
				CLANG_WARN_NON_LITERAL_NULL_CONVERSION = YES;
				CLANG_WARN_OBJC_IMPLICIT_RETAIN_SELF = YES;
				CLANG_WARN_OBJC_LITERAL_CONVERSION = YES;
				CLANG_WARN_OBJC_ROOT_CLASS = YES_ERROR;
				CLANG_WARN_QUOTED_INCLUDE_IN_FRAMEWORK_HEADER = YES;
				CLANG_WARN_RANGE_LOOP_ANALYSIS = YES;
				CLANG_WARN_STRICT_PROTOTYPES = YES;
				CLANG_WARN_SUSPICIOUS_MOVE = YES;
				CLANG_WARN_UNGUARDED_AVAILABILITY = YES_AGGRESSIVE;
				CLANG_WARN_UNREACHABLE_CODE = YES;
				CLANG_WARN__DUPLICATE_METHOD_MATCH = YES;
				COPY_PHASE_STRIP = NO;
				DEBUG_INFORMATION_FORMAT = dwarf;
				DEVELOPMENT_TEAM = BJ6HPL6M3N;
				ENABLE_STRICT_OBJC_MSGSEND = YES;
				ENABLE_TESTABILITY = YES;
				ENABLE_USER_SCRIPT_SANDBOXING = NO;
				GCC_C_LANGUAGE_STANDARD = gnu17;
				GCC_DYNAMIC_NO_PIC = NO;
				GCC_NO_COMMON_BLOCKS = YES;
				GCC_OPTIMIZATION_LEVEL = 0;
				GCC_PREPROCESSOR_DEFINITIONS = (
					"DEBUG=1",
					"$(inherited)",
				);
				GCC_WARN_64_TO_32_BIT_CONVERSION = YES;
				GCC_WARN_ABOUT_RETURN_TYPE = YES_ERROR;
				GCC_WARN_UNDECLARED_SELECTOR = YES;
				GCC_WARN_UNINITIALIZED_AUTOS = YES_AGGRESSIVE;
				GCC_WARN_UNUSED_FUNCTION = YES;
				GCC_WARN_UNUSED_VARIABLE = YES;
				LOCALIZATION_PREFERS_STRING_CATALOGS = YES;
				MTL_ENABLE_DEBUG_INFO = INCLUDE_SOURCE;
				MTL_FAST_MATH = YES;
				ONLY_ACTIVE_ARCH = YES;
				SWIFT_ACTIVE_COMPILATION_CONDITIONS = "DEBUG $(inherited)";
				SWIFT_OPTIMIZATION_LEVEL = "-Onone";
			};
			name = Debug;
		};
		6F4B870F30453AAA000F15E3 /* Debug */ = {
			isa = XCBuildConfiguration;
			baseConfigurationReference = 744CAEA8BEC4750F2D9C0022 /* Pods-CT-PL-Pn-Integration.debug.xcconfig */;
			buildSettings = {
				ASSETCATALOG_COMPILER_APPICON_NAME = AppIcon;
				ASSETCATALOG_COMPILER_GLOBAL_ACCENT_COLOR_NAME = AccentColor;
				CODE_SIGN_ENTITLEMENTS = "CT-PL-Pn-Integration/CT-PL-Pn-Integration.entitlements";
				CODE_SIGN_STYLE = Automatic;
				CURRENT_PROJECT_VERSION = 1;
				DEVELOPMENT_TEAM = BJ6HPL6M3N;
				ENABLE_PREVIEWS = YES;
				GENERATE_INFOPLIST_FILE = YES;
				INFOPLIST_KEY_LSApplicationCategoryType = "public.app-category.books";
				"INFOPLIST_KEY_UIApplicationSceneManifest_Generation[sdk=iphoneos*]" = YES;
				"INFOPLIST_KEY_UIApplicationSceneManifest_Generation[sdk=iphonesimulator*]" = YES;
				"INFOPLIST_KEY_UIApplicationSupportsIndirectInputEvents[sdk=iphoneos*]" = YES;
				"INFOPLIST_KEY_UIApplicationSupportsIndirectInputEvents[sdk=iphonesimulator*]" = YES;
				"INFOPLIST_KEY_UILaunchScreen_Generation[sdk=iphoneos*]" = YES;
				"INFOPLIST_KEY_UILaunchScreen_Generation[sdk=iphonesimulator*]" = YES;
				"INFOPLIST_KEY_UIStatusBarStyle[sdk=iphoneos*]" = UIStatusBarStyleDefault;
				"INFOPLIST_KEY_UIStatusBarStyle[sdk=iphonesimulator*]" = UIStatusBarStyleDefault;
				INFOPLIST_KEY_UISupportedInterfaceOrientations_iPad = "UIInterfaceOrientationPortrait UIInterfaceOrientationPortraitUpsideDown UIInterfaceOrientationLandscapeLeft UIInterfaceOrientationLandscapeRight";
				INFOPLIST_KEY_UISupportedInterfaceOrientations_iPhone = "UIInterfaceOrientationPortrait UIInterfaceOrientationLandscapeLeft UIInterfaceOrientationLandscapeRight";
				IPHONEOS_DEPLOYMENT_TARGET = 26.4;
				LD_RUNPATH_SEARCH_PATHS = (
					"$(inherited)",
					"@executable_path/Frameworks",
				);
				MARKETING_VERSION = 1.0;
				PRODUCT_BUNDLE_IDENTIFIER = "plotline.CT-PL-Pn-Integration";
				PRODUCT_NAME = "$(TARGET_NAME)";
				REGISTER_APP_GROUPS = YES;
				SDKROOT = iphoneos;
				STRING_CATALOG_GENERATE_SYMBOLS = YES;
				SUPPORTED_PLATFORMS = "iphoneos iphonesimulator";
				SWIFT_APPROACHABLE_CONCURRENCY = YES;
				SWIFT_DEFAULT_ACTOR_ISOLATION = MainActor;
				SWIFT_EMIT_LOC_STRINGS = YES;
				SWIFT_UPCOMING_FEATURE_MEMBER_IMPORT_VISIBILITY = YES;
				SWIFT_VERSION = 5.0;
				TARGETED_DEVICE_FAMILY = "1,2";
			};
			name = Debug;
		};
		889D21ED1894CDE919EED7F6 /* Debug */ = {
			isa = XCBuildConfiguration;
			baseConfigurationReference = 1717AE62ADB1AF25E8AB2B3D /* Pods-NotificationServiceExtension.debug.xcconfig */;
			buildSettings = {
				APPLICATION_EXTENSION_API_ONLY = YES;
				CLANG_ENABLE_OBJC_WEAK = NO;
				CODE_SIGN_ENTITLEMENTS = NotificationServiceExtension/NotificationServiceExtension.entitlements;
				CODE_SIGN_STYLE = Automatic;
				CURRENT_PROJECT_VERSION = 1;
				DEVELOPMENT_TEAM = BJ6HPL6M3N;
				GENERATE_INFOPLIST_FILE = NO;
				INFOPLIST_FILE = NotificationServiceExtension/Info.plist;
				IPHONEOS_DEPLOYMENT_TARGET = 26.4;
				MARKETING_VERSION = 1.0;
				PRODUCT_BUNDLE_IDENTIFIER = "plotline.CT-PL-Pn-Integration.NotificationServiceExtension";
				PRODUCT_NAME = "$(TARGET_NAME)";
				SDKROOT = iphoneos;
				SKIP_INSTALL = YES;
				SWIFT_APPROACHABLE_CONCURRENCY = YES;
				SWIFT_DEFAULT_ACTOR_ISOLATION = nonisolated;
				SWIFT_UPCOMING_FEATURE_MEMBER_IMPORT_VISIBILITY = YES;
				SWIFT_VERSION = 5.0;
				TARGETED_DEVICE_FAMILY = "1,2";
			};
			name = Debug;
		};
/* End XCBuildConfiguration section */

/* Begin XCConfigurationList section */
		6F42EAC6304843F100D1A491 /* Build configuration list for PBXNativeTarget "PlContent" */ = {
			isa = XCConfigurationList;
			buildConfigurations = (
				6F42EAC3304843F100D1A491 /* Debug */,
			);
			defaultConfigurationIsVisible = 0;
			defaultConfigurationName = Debug;
		};
		6F42EAD93048440100D1A491 /* Build configuration list for PBXNativeTarget "CTContent" */ = {
			isa = XCConfigurationList;
			buildConfigurations = (
				6F42EADA3048440100D1A491 /* Debug */,
			);
			defaultConfigurationIsVisible = 0;
			defaultConfigurationName = Debug;
		};
		6F4B86FE30453AA9000F15E3 /* Build configuration list for PBXProject "CT-PL-Pn-Integration" */ = {
			isa = XCConfigurationList;
			buildConfigurations = (
				6F4B870C30453AAA000F15E3 /* Debug */,
			);
			defaultConfigurationIsVisible = 0;
			defaultConfigurationName = Debug;
		};
		6F4B870E30453AAA000F15E3 /* Build configuration list for PBXNativeTarget "CT-PL-Pn-Integration" */ = {
			isa = XCConfigurationList;
			buildConfigurations = (
				6F4B870F30453AAA000F15E3 /* Debug */,
			);
			defaultConfigurationIsVisible = 0;
			defaultConfigurationName = Debug;
		};
		831B44AD7CD57C75C01A5750 /* Build configuration list for PBXNativeTarget "NotificationServiceExtension" */ = {
			isa = XCConfigurationList;
			buildConfigurations = (
				889D21ED1894CDE919EED7F6 /* Debug */,
			);
			defaultConfigurationIsVisible = 0;
			defaultConfigurationName = Debug;
		};
/* End XCConfigurationList section */
	};
	rootObject = 6F4B86FB30453AA9000F15E3 /* Project object */;
}
