PODS:
  - CleverTap-iOS-SDK (7.8.1):
    - SDWebImage (~> 5.11)
  - CTNotificationService (0.1.7)
  - Plotline (5.1.5)
  - SDWebImage (5.21.7):
    - SDWebImage/Core (= 5.21.7)
  - SDWebImage/Core (5.21.7)

DEPENDENCIES:
  - CleverTap-iOS-SDK
  - CTNotificationService
  - Plotline

SPEC REPOS:
  trunk:
    - CleverTap-iOS-SDK
    - CTNotificationService
    - Plotline
    - SDWebImage

SPEC CHECKSUMS:
  CleverTap-iOS-SDK: 5cdc6452d832182516340f76444f757962b75db8
  CTNotificationService: 3eceea27cf0e28a2e14267bb706013363eb620c6
  Plotline: 457dc4e6e3fdec5ff651cbf4e4c02a1c3c8d3da0
  SDWebImage: e9fc87c1aab89a8ab1bbd74eba378c6f53be8abf

PODFILE CHECKSUM: 518f0b0b195eeb640dedc1ed4948835705a95786

COCOAPODS: 1.17.0
