PODS:
  - CleverTap-iOS-SDK (7.7.1):
    - SDWebImage (~> 5.11)
  - clevertap_plugin (4.1.0):
    - CleverTap-iOS-SDK (= 7.7.1)
    - Flutter
  - CTNotificationContent (1.5.1):
    - SDWebImage (~> 5.11)
  - CTNotificationService (0.1.7)
  - Flutter (1.0.0)
  - Plotline (5.1.5)
  - plotline_engage (1.4.0):
    - Flutter
    - Plotline
  - SDWebImage (5.21.7):
    - SDWebImage/Core (= 5.21.7)
  - SDWebImage/Core (5.21.7)

DEPENDENCIES:
  - clevertap_plugin (from `.symlinks/plugins/clevertap_plugin/ios`)
  - CTNotificationContent
  - CTNotificationService
  - Flutter (from `Flutter`)
  - Plotline
  - plotline_engage (from `.symlinks/plugins/plotline_engage/ios`)

SPEC REPOS:
  trunk:
    - CleverTap-iOS-SDK
    - CTNotificationContent
    - CTNotificationService
    - Plotline
    - SDWebImage

EXTERNAL SOURCES:
  clevertap_plugin:
    :path: ".symlinks/plugins/clevertap_plugin/ios"
  Flutter:
    :path: Flutter
  plotline_engage:
    :path: ".symlinks/plugins/plotline_engage/ios"

SPEC CHECKSUMS:
  CleverTap-iOS-SDK: c80354ca6bca086bd9ea242c0ad15e859b867ea5
  clevertap_plugin: 967312b3841bf78738a922ebe1becbe6085e8029
  CTNotificationContent: d2314c3f601546bd03114e410b8a67ffd38e2696
  CTNotificationService: 3eceea27cf0e28a2e14267bb706013363eb620c6
  Flutter: cabc95a1d2626b1b06e7179b784ebcf0c0cde467
  Plotline: 457dc4e6e3fdec5ff651cbf4e4c02a1c3c8d3da0
  plotline_engage: 23dc17664b7560d4a335cfdfa060663c143eaadd
  SDWebImage: e9fc87c1aab89a8ab1bbd74eba378c6f53be8abf

PODFILE CHECKSUM: 542fb39e67fece498a4708ce1ab2add8013ca87d

COCOAPODS: 1.17.0
